Microsoft Visual Studio Solution File, Format Version 12.00
# Visual Studio 2012
VisualStudioVersion = 12.0.30501.0
MinimumVisualStudioVersion = 10.0.40219.1
Project("{2150E333-8FDC-42A3-9474-1A3956D46DE8}") = ".paket", ".paket", "{23D9629C-E185-4ED9-BF7B-F2B369A694AA}"
	ProjectSection(SolutionItems) = preProject
		paket.dependencies = paket.dependencies
	EndProjectSection
EndProject
Project("{2150E333-8FDC-42A3-9474-1A3956D46DE8}") = "Libs", "Libs", "{43B5134E-89E6-411E-A492-6FDA8BD441FC}"
EndProject
Project("{f2a71f9b-5d33-465a-a702-920d77279786}") = "PPrint", "Libs\PPrint\PPrint.fsproj", "{2515FCE3-CBD7-44E6-88A9-40526A0E646B}"
EndProject
Project("{2150E333-8FDC-42A3-9474-1A3956D46DE8}") = "Root", "Root", "{43B5134E-89E6-411E-A492-6FDA8BD441FE}"
	ProjectSection(SolutionItems) = preProject
		.gitignore = .gitignore
		PPrint.fsx = PPrint.fsx
		PPrint.paket.template = PPrint.paket.template
	EndProjectSection
EndProject
Project("{2150E333-8FDC-42A3-9474-1A3956D46DE8}") = "Tests", "Tests", "{43B5134E-89E6-411E-A492-6FDA8BD441FF}"
EndProject
Project("{f2a71f9b-5d33-465a-a702-920d77279786}") = "Examples", "Tests\Examples\Examples.fsproj", "{7DED7597-EABD-47C8-9197-1FC6E6843879}"
EndProject
Project("{2150E333-8FDC-42A3-9474-1A3956D46DE8}") = "Docs", "Docs", "{5E903234-4998-4AF0-B455-55B8B0AA3BC4}"
EndProject
Global
	GlobalSection(SolutionConfigurationPlatforms) = preSolution
		Debug|Any CPU = Debug|Any CPU
		Release|Any CPU = Release|Any CPU
	EndGlobalSection
	GlobalSection(ProjectConfigurationPlatforms) = postSolution
		{2515FCE3-CBD7-44E6-88A9-40526A0E646B}.Debug|Any CPU.ActiveCfg = Debug|Any CPU
		{2515FCE3-CBD7-44E6-88A9-40526A0E646B}.Debug|Any CPU.Build.0 = Debug|Any CPU
		{2515FCE3-CBD7-44E6-88A9-40526A0E646B}.Release|Any CPU.ActiveCfg = Release|Any CPU
		{2515FCE3-CBD7-44E6-88A9-40526A0E646B}.Release|Any CPU.Build.0 = Release|Any CPU
		{7DED7597-EABD-47C8-9197-1FC6E6843879}.Debug|Any CPU.ActiveCfg = Debug|Any CPU
		{7DED7597-EABD-47C8-9197-1FC6E6843879}.Debug|Any CPU.Build.0 = Debug|Any CPU
		{7DED7597-EABD-47C8-9197-1FC6E6843879}.Release|Any CPU.ActiveCfg = Release|Any CPU
		{7DED7597-EABD-47C8-9197-1FC6E6843879}.Release|Any CPU.Build.0 = Release|Any CPU
	EndGlobalSection
	GlobalSection(NestedProjects) = preSolution
		{2515FCE3-CBD7-44E6-88A9-40526A0E646B} = {43B5134E-89E6-411E-A492-6FDA8BD441FC}
		{7DED7597-EABD-47C8-9197-1FC6E6843879} = {43B5134E-89E6-411E-A492-6FDA8BD441FF}
	EndGlobalSection
	GlobalSection(SolutionProperties) = preSolution
		HideSolutionNode = FALSE
	EndGlobalSection
EndGlobal
